{
  "requires": true,
  "lockfileVersion": 1,
  "dependencies": {
    "@faker-js/faker": {
      "version": "6.0.0-alpha.6",
      "resolved": "https://registry.npmjs.org/@faker-js/faker/-/faker-6.0.0-alpha.6.tgz",
      "integrity": "sha512-+jatKq8wYwOgCpVQ0wE4t9BglS16qJH/Nu4WjPU+ABTywivTY8BCsD1XIZhw9iXDq3t1InyiXmz+R70TcUMbrg=="
    },
    "faker": {
      "version": "6.6.6",
      "resolved": "https://registry.npmjs.org/faker/-/faker-6.6.6.tgz",
      "integrity": "sha512-9tCqYEDHI5RYFQigXFwF1hnCwcWCOJl/hmll0lr5D2Ljjb0o4wphb69wikeJDz5qCEzXCoPvG6ss5SDP6IfOdg=="
    }
  }
}
